
Microsoft Visual Studio Solution File, Format Version 12.00
# Visual Studio Version 17
VisualStudioVersion = 17.14.37216.2
MinimumVisualStudioVersion = 10.0.40219.1
Project("{FAE04EC0-301F-11D3-BF4B-00C04F79EFBC}") = "JwtAuthImplFront", "JwtAuthImplFront.csproj", "{FC1C7DD3-7394-40C2-A4F4-DC96A4CD104D}"
EndProject
Project("{FAE04EC0-301F-11D3-BF4B-00C04F79EFBC}") = "JwtAuthImpl", "..\JwtAuthImpl\JwtAuthImpl.csproj", "{50F6F6EC-C5D6-4AB0-995B-58665A403C82}"
EndProject
Project("{FAE04EC0-301F-11D3-BF4B-00C04F79EFBC}") = "JwtAuthImplTest", "..\JwtAuthImplTest\JwtAuthImplTest.csproj", "{AC74BE57-530C-4D4A-9179-7C421463CB1D}"
EndProject
Global
	GlobalSection(SolutionConfigurationPlatforms) = preSolution
		Debug|Any CPU = Debug|Any CPU
		Debug|x64 = Debug|x64
		Debug|x86 = Debug|x86
		Release|Any CPU = Release|Any CPU
		Release|x64 = Release|x64
		Release|x86 = Release|x86
	EndGlobalSection
	GlobalSection(ProjectConfigurationPlatforms) = postSolution
		{FC1C7DD3-7394-40C2-A4F4-DC96A4CD104D}.Debug|Any CPU.ActiveCfg = Debug|Any CPU
		{FC1C7DD3-7394-40C2-A4F4-DC96A4CD104D}.Debug|Any CPU.Build.0 = Debug|Any CPU
		{FC1C7DD3-7394-40C2-A4F4-DC96A4CD104D}.Debug|x64.ActiveCfg = Debug|Any CPU
		{FC1C7DD3-7394-40C2-A4F4-DC96A4CD104D}.Debug|x64.Build.0 = Debug|Any CPU
		{FC1C7DD3-7394-40C2-A4F4-DC96A4CD104D}.Debug|x86.ActiveCfg = Debug|Any CPU
		{FC1C7DD3-7394-40C2-A4F4-DC96A4CD104D}.Debug|x86.Build.0 = Debug|Any CPU
		{FC1C7DD3-7394-40C2-A4F4-DC96A4CD104D}.Release|Any CPU.ActiveCfg = Release|Any CPU
		{FC1C7DD3-7394-40C2-A4F4-DC96A4CD104D}.Release|Any CPU.Build.0 = Release|Any CPU
		{FC1C7DD3-7394-40C2-A4F4-DC96A4CD104D}.Release|x64.ActiveCfg = Release|Any CPU
		{FC1C7DD3-7394-40C2-A4F4-DC96A4CD104D}.Release|x64.Build.0 = Release|Any CPU
		{FC1C7DD3-7394-40C2-A4F4-DC96A4CD104D}.Release|x86.ActiveCfg = Release|Any CPU
		{FC1C7DD3-7394-40C2-A4F4-DC96A4CD104D}.Release|x86.Build.0 = Release|Any CPU
		{50F6F6EC-C5D6-4AB0-995B-58665A403C82}.Debug|Any CPU.ActiveCfg = Debug|Any CPU
		{50F6F6EC-C5D6-4AB0-995B-58665A403C82}.Debug|Any CPU.Build.0 = Debug|Any CPU
		{50F6F6EC-C5D6-4AB0-995B-58665A403C82}.Debug|x64.ActiveCfg = Debug|Any CPU
		{50F6F6EC-C5D6-4AB0-995B-58665A403C82}.Debug|x64.Build.0 = Debug|Any CPU
		{50F6F6EC-C5D6-4AB0-995B-58665A403C82}.Debug|x86.ActiveCfg = Debug|Any CPU
		{50F6F6EC-C5D6-4AB0-995B-58665A403C82}.Debug|x86.Build.0 = Debug|Any CPU
		{50F6F6EC-C5D6-4AB0-995B-58665A403C82}.Release|Any CPU.ActiveCfg = Release|Any CPU
		{50F6F6EC-C5D6-4AB0-995B-58665A403C82}.Release|Any CPU.Build.0 = Release|Any CPU
		{50F6F6EC-C5D6-4AB0-995B-58665A403C82}.Release|x64.ActiveCfg = Release|Any CPU
		{50F6F6EC-C5D6-4AB0-995B-58665A403C82}.Release|x64.Build.0 = Release|Any CPU
		{50F6F6EC-C5D6-4AB0-995B-58665A403C82}.Release|x86.ActiveCfg = Release|Any CPU
		{50F6F6EC-C5D6-4AB0-995B-58665A403C82}.Release|x86.Build.0 = Release|Any CPU
		{AC74BE57-530C-4D4A-9179-7C421463CB1D}.Debug|Any CPU.ActiveCfg = Debug|Any CPU
		{AC74BE57-530C-4D4A-9179-7C421463CB1D}.Debug|Any CPU.Build.0 = Debug|Any CPU
		{AC74BE57-530C-4D4A-9179-7C421463CB1D}.Debug|x64.ActiveCfg = Debug|Any CPU
		{AC74BE57-530C-4D4A-9179-7C421463CB1D}.Debug|x64.Build.0 = Debug|Any CPU
		{AC74BE57-530C-4D4A-9179-7C421463CB1D}.Debug|x86.ActiveCfg = Debug|Any CPU
		{AC74BE57-530C-4D4A-9179-7C421463CB1D}.Debug|x86.Build.0 = Debug|Any CPU
		{AC74BE57-530C-4D4A-9179-7C421463CB1D}.Release|Any CPU.ActiveCfg = Release|Any CPU
		{AC74BE57-530C-4D4A-9179-7C421463CB1D}.Release|Any CPU.Build.0 = Release|Any CPU
		{AC74BE57-530C-4D4A-9179-7C421463CB1D}.Release|x64.ActiveCfg = Release|Any CPU
		{AC74BE57-530C-4D4A-9179-7C421463CB1D}.Release|x64.Build.0 = Release|Any CPU
		{AC74BE57-530C-4D4A-9179-7C421463CB1D}.Release|x86.ActiveCfg = Release|Any CPU
		{AC74BE57-530C-4D4A-9179-7C421463CB1D}.Release|x86.Build.0 = Release|Any CPU
	EndGlobalSection
	GlobalSection(SolutionProperties) = preSolution
		HideSolutionNode = FALSE
	EndGlobalSection
	GlobalSection(ExtensibilityGlobals) = postSolution
		SolutionGuid = {4D7CF42D-199E-4338-A079-07EC207CD045}
	EndGlobalSection
EndGlobal
